// !$*UTF8*$!
{
	archiveVersion = 1;
	classes = {
	};
	objectVersion = 50;
	objects = {

/* Begin PBXBuildFile section */
		0714273D24AB896300562D18 /* Drinks Splash.swift in Sources */ = {isa = PBXBuildFile; fileRef = 0714273C24AB896300562D18 /* Drinks Splash.swift */; };
		0721E0E524AA8C2000D56F93 /* AppDelegate.swift in Sources */ = {isa = PBXBuildFile; fileRef = 0721E0E424AA8C2000D56F93 /* AppDelegate.swift */; };
		0721E0E724AA8C2000D56F93 /* SceneDelegate.swift in Sources */ = {isa = PBXBuildFile; fileRef = 0721E0E624AA8C2000D56F93 /* SceneDelegate.swift */; };
		0721E0E924AA8C2000D56F93 /* ContentView.swift in Sources */ = {isa = PBXBuildFile; fileRef = 0721E0E824AA8C2000D56F93 /* ContentView.swift */; };
		0721E0EB24AA8C2200D56F93 /* Assets.xcassets in Resources */ = {isa = PBXBuildFile; fileRef = 0721E0EA24AA8C2200D56F93 /* Assets.xcassets */; };
		0721E0EE24AA8C2200D56F93 /* Preview Assets.xcassets in Resources */ = {isa = PBXBuildFile; fileRef = 0721E0ED24AA8C2200D56F93 /* Preview Assets.xcassets */; };
		0721E0F124AA8C2200D56F93 /* LaunchScreen.storyboard in Resources */ = {isa = PBXBuildFile; fileRef = 0721E0EF24AA8C2200D56F93 /* LaunchScreen.storyboard */; };
		073C7ADC24AD596E00262CD3 /* OrderList.swift in Sources */ = {isa = PBXBuildFile; fileRef = 073C7ADB24AD596E00262CD3 /* OrderList.swift */; };
		07B1F26824ACE29C003E4C28 /* White Wines.swift in Sources */ = {isa = PBXBuildFile; fileRef = 07B1F26724ACE29C003E4C28 /* White Wines.swift */; };
		07B1F26A24ACE2A9003E4C28 /* Cocktails.swift in Sources */ = {isa = PBXBuildFile; fileRef = 07B1F26924ACE2A9003E4C28 /* Cocktails.swift */; };
		07B1F26C24ACE2B5003E4C28 /* Tequilas.swift in Sources */ = {isa = PBXBuildFile; fileRef = 07B1F26B24ACE2B5003E4C28 /* Tequilas.swift */; };
		07B1F26E24ACE2C2003E4C28 /* Sparkling Wines.swift in Sources */ = {isa = PBXBuildFile; fileRef = 07B1F26D24ACE2C2003E4C28 /* Sparkling Wines.swift */; };
		07B1F27124ACE435003E4C28 /* AppView.swift in Sources */ = {isa = PBXBuildFile; fileRef = 07B1F27024ACE435003E4C28 /* AppView.swift */; };
		07B1F27524ACE5BC003E4C28 /* OrdersSplash.swift in Sources */ = {isa = PBXBuildFile; fileRef = 07B1F27424ACE5BC003E4C28 /* OrdersSplash.swift */; };
		07B1F27724ACE654003E4C28 /* OrderContentView.swift in Sources */ = {isa = PBXBuildFile; fileRef = 07B1F27624ACE654003E4C28 /* OrderContentView.swift */; };
		07C4AC8024AB8CCF00847AE6 /* Drink List.swift in Sources */ = {isa = PBXBuildFile; fileRef = 07C4AC7F24AB8CCF00847AE6 /* Drink List.swift */; };
		07D5E80D24ABB9BF0071FD1E /* Non-Alcoholic Drinks.swift in Sources */ = {isa = PBXBuildFile; fileRef = 07D5E80C24ABB9BF0071FD1E /* Non-Alcoholic Drinks.swift */; };
		07D5E80F24ABD6D30071FD1E /* Red Wines.swift in Sources */ = {isa = PBXBuildFile; fileRef = 07D5E80E24ABD6D30071FD1E /* Red Wines.swift */; };
		07FCD0D724AE673900341507 /* Interface.storyboard in Resources */ = {isa = PBXBuildFile; fileRef = 07FCD0D524AE673900341507 /* Interface.storyboard */; };
		07FCD0D924AE673E00341507 /* Assets.xcassets in Resources */ = {isa = PBXBuildFile; fileRef = 07FCD0D824AE673E00341507 /* Assets.xcassets */; };
		07FCD0E024AE673E00341507 /* Order from Watch Extension.appex in Embed App Extensions */ = {isa = PBXBuildFile; fileRef = 07FCD0DF24AE673E00341507 /* Order from Watch Extension.appex */; settings = {ATTRIBUTES = (RemoveHeadersOnCopy, ); }; };
		07FCD0E524AE673E00341507 /* ContentView.swift in Sources */ = {isa = PBXBuildFile; fileRef = 07FCD0E424AE673E00341507 /* ContentView.swift */; };
		07FCD0E724AE673E00341507 /* HostingController.swift in Sources */ = {isa = PBXBuildFile; fileRef = 07FCD0E624AE673E00341507 /* HostingController.swift */; };
		07FCD0E924AE673E00341507 /* ExtensionDelegate.swift in Sources */ = {isa = PBXBuildFile; fileRef = 07FCD0E824AE673E00341507 /* ExtensionDelegate.swift */; };
		07FCD0EB24AE674000341507 /* Assets.xcassets in Resources */ = {isa = PBXBuildFile; fileRef = 07FCD0EA24AE674000341507 /* Assets.xcassets */; };
		07FCD0EE24AE674000341507 /* Preview Assets.xcassets in Resources */ = {isa = PBXBuildFile; fileRef = 07FCD0ED24AE674000341507 /* Preview Assets.xcassets */; };
		07FCD0F224AE674000341507 /* Order from Watch.app in Embed Watch Content */ = {isa = PBXBuildFile; fileRef = 07FCD0D324AE673900341507 /* Order from Watch.app */; settings = {ATTRIBUTES = (RemoveHeadersOnCopy, ); }; };
		07FCD0FC24AE777800341507 /* ConfirmView.swift in Sources */ = {isa = PBXBuildFile; fileRef = 07FCD0FB24AE777800341507 /* ConfirmView.swift */; };
/* End PBXBuildFile section */

/* Begin PBXContainerItemProxy section */
		07FCD0E124AE673E00341507 /* PBXContainerItemProxy */ = {
			isa = PBXContainerItemProxy;
			containerPortal = 0721E0D924AA8C2000D56F93 /* Project object */;
			proxyType = 1;
			remoteGlobalIDString = 07FCD0DE24AE673E00341507;
			remoteInfo = "Order from Watch Extension";
		};
		07FCD0F024AE674000341507 /* PBXContainerItemProxy */ = {
			isa = PBXContainerItemProxy;
			containerPortal = 0721E0D924AA8C2000D56F93 /* Project object */;
			proxyType = 1;
			remoteGlobalIDString = 07FCD0D224AE673900341507;
			remoteInfo = "Order from Watch";
		};
/* End PBXContainerItemProxy section */

/* Begin PBXCopyFilesBuildPhase section */
		07FCD0F624AE674000341507 /* Embed App Extensions */ = {
			isa = PBXCopyFilesBuildPhase;
			buildActionMask = 2147483647;
			dstPath = "";
			dstSubfolderSpec = 13;
			files = (
				07FCD0E024AE673E00341507 /* Order from Watch Extension.appex in Embed App Extensions */,
			);
			name = "Embed App Extensions";
			runOnlyForDeploymentPostprocessing = 0;
		};
		07FCD0FA24AE674000341507 /* Embed Watch Content */ = {
			isa = PBXCopyFilesBuildPhase;
			buildActionMask = 2147483647;
			dstPath = "$(CONTENTS_FOLDER_PATH)/Watch";
			dstSubfolderSpec = 16;
			files = (
				07FCD0F224AE674000341507 /* Order from Watch.app in Embed Watch Content */,
			);
			name = "Embed Watch Content";
			runOnlyForDeploymentPostprocessing = 0;
		};
/* End PBXCopyFilesBuildPhase section */

/* Begin PBXFileReference section */
		0714273C24AB896300562D18 /* Drinks Splash.swift */ = {isa = PBXFileReference; lastKnownFileType = sourcecode.swift; path = "Drinks Splash.swift"; sourceTree = "<group>"; };
		0721E0E124AA8C2000D56F93 /* Order a Drink.app */ = {isa = PBXFileReference; explicitFileType = wrapper.application; includeInIndex = 0; path = "Order a Drink.app"; sourceTree = BUILT_PRODUCTS_DIR; };
		0721E0E424AA8C2000D56F93 /* AppDelegate.swift */ = {isa = PBXFileReference; lastKnownFileType = sourcecode.swift; path = AppDelegate.swift; sourceTree = "<group>"; };
		0721E0E624AA8C2000D56F93 /* SceneDelegate.swift */ = {isa = PBXFileReference; lastKnownFileType = sourcecode.swift; path = SceneDelegate.swift; sourceTree = "<group>"; };
		0721E0E824AA8C2000D56F93 /* ContentView.swift */ = {isa = PBXFileReference; lastKnownFileType = sourcecode.swift; path = ContentView.swift; sourceTree = "<group>"; };
		0721E0EA24AA8C2200D56F93 /* Assets.xcassets */ = {isa = PBXFileReference; lastKnownFileType = folder.assetcatalog; path = Assets.xcassets; sourceTree = "<group>"; };
		0721E0ED24AA8C2200D56F93 /* Preview Assets.xcassets */ = {isa = PBXFileReference; lastKnownFileType = folder.assetcatalog; path = "Preview Assets.xcassets"; sourceTree = "<group>"; };
		0721E0F024AA8C2200D56F93 /* Base */ = {isa = PBXFileReference; lastKnownFileType = file.storyboard; name = Base; path = Base.lproj/LaunchScreen.storyboard; sourceTree = "<group>"; };
		0721E0F224AA8C2200D56F93 /* Info.plist */ = {isa = PBXFileReference; lastKnownFileType = text.plist.xml; path = Info.plist; sourceTree = "<group>"; };
		073C7ADB24AD596E00262CD3 /* OrderList.swift */ = {isa = PBXFileReference; lastKnownFileType = sourcecode.swift; path = OrderList.swift; sourceTree = "<group>"; };
		07B1F26724ACE29C003E4C28 /* White Wines.swift */ = {isa = PBXFileReference; lastKnownFileType = sourcecode.swift; path = "White Wines.swift"; sourceTree = "<group>"; };
		07B1F26924ACE2A9003E4C28 /* Cocktails.swift */ = {isa = PBXFileReference; lastKnownFileType = sourcecode.swift; path = Cocktails.swift; sourceTree = "<group>"; };
		07B1F26B24ACE2B5003E4C28 /* Tequilas.swift */ = {isa = PBXFileReference; lastKnownFileType = sourcecode.swift; path = Tequilas.swift; sourceTree = "<group>"; };
		07B1F26D24ACE2C2003E4C28 /* Sparkling Wines.swift */ = {isa = PBXFileReference; lastKnownFileType = sourcecode.swift; path = "Sparkling Wines.swift"; sourceTree = "<group>"; };
		07B1F27024ACE435003E4C28 /* AppView.swift */ = {isa = PBXFileReference; lastKnownFileType = sourcecode.swift; path = AppView.swift; sourceTree = "<group>"; };
		07B1F27424ACE5BC003E4C28 /* OrdersSplash.swift */ = {isa = PBXFileReference; lastKnownFileType = sourcecode.swift; path = OrdersSplash.swift; sourceTree = "<group>"; };
		07B1F27624ACE654003E4C28 /* OrderContentView.swift */ = {isa = PBXFileReference; lastKnownFileType = sourcecode.swift; path = OrderContentView.swift; sourceTree = "<group>"; };
		07C4AC7F24AB8CCF00847AE6 /* Drink List.swift */ = {isa = PBXFileReference; lastKnownFileType = sourcecode.swift; path = "Drink List.swift"; sourceTree = "<group>"; };
		07D5E80C24ABB9BF0071FD1E /* Non-Alcoholic Drinks.swift */ = {isa = PBXFileReference; lastKnownFileType = sourcecode.swift; path = "Non-Alcoholic Drinks.swift"; sourceTree = "<group>"; };
		07D5E80E24ABD6D30071FD1E /* Red Wines.swift */ = {isa = PBXFileReference; lastKnownFileType = sourcecode.swift; path = "Red Wines.swift"; sourceTree = "<group>"; };
		07FCD0D324AE673900341507 /* Order from Watch.app */ = {isa = PBXFileReference; explicitFileType = wrapper.application; includeInIndex = 0; path = "Order from Watch.app"; sourceTree = BUILT_PRODUCTS_DIR; };
		07FCD0D624AE673900341507 /* Base */ = {isa = PBXFileReference; lastKnownFileType = file.storyboard; name = Base; path = Base.lproj/Interface.storyboard; sourceTree = "<group>"; };
		07FCD0D824AE673E00341507 /* Assets.xcassets */ = {isa = PBXFileReference; lastKnownFileType = folder.assetcatalog; path = Assets.xcassets; sourceTree = "<group>"; };
		07FCD0DA24AE673E00341507 /* Info.plist */ = {isa = PBXFileReference; lastKnownFileType = text.plist.xml; path = Info.plist; sourceTree = "<group>"; };
		07FCD0DF24AE673E00341507 /* Order from Watch Extension.appex */ = {isa = PBXFileReference; explicitFileType = "wrapper.app-extension"; includeInIndex = 0; path = "Order from Watch Extension.appex"; sourceTree = BUILT_PRODUCTS_DIR; };
		07FCD0E424AE673E00341507 /* ContentView.swift */ = {isa = PBXFileReference; lastKnownFileType = sourcecode.swift; path = ContentView.swift; sourceTree = "<group>"; };
		07FCD0E624AE673E00341507 /* HostingController.swift */ = {isa = PBXFileReference; lastKnownFileType = sourcecode.swift; path = HostingController.swift; sourceTree = "<group>"; };
		07FCD0E824AE673E00341507 /* ExtensionDelegate.swift */ = {isa = PBXFileReference; lastKnownFileType = sourcecode.swift; path = ExtensionDelegate.swift; sourceTree = "<group>"; };
		07FCD0EA24AE674000341507 /* Assets.xcassets */ = {isa = PBXFileReference; lastKnownFileType = folder.assetcatalog; path = Assets.xcassets; sourceTree = "<group>"; };
		07FCD0ED24AE674000341507 /* Preview Assets.xcassets */ = {isa = PBXFileReference; lastKnownFileType = folder.assetcatalog; path = "Preview Assets.xcassets"; sourceTree = "<group>"; };
		07FCD0EF24AE674000341507 /* Info.plist */ = {isa = PBXFileReference; lastKnownFileType = text.plist.xml; path = Info.plist; sourceTree = "<group>"; };
		07FCD0FB24AE777800341507 /* ConfirmView.swift */ = {isa = PBXFileReference; lastKnownFileType = sourcecode.swift; path = ConfirmView.swift; sourceTree = "<group>"; };
/* End PBXFileReference section */

/* Begin PBXFrameworksBuildPhase section */
		0721E0DE24AA8C2000D56F93 /* Frameworks */ = {
			isa = PBXFrameworksBuildPhase;
			buildActionMask = 2147483647;
			files = (
			);
			runOnlyForDeploymentPostprocessing = 0;
		};
		07FCD0DC24AE673E00341507 /* Frameworks */ = {
			isa = PBXFrameworksBuildPhase;
			buildActionMask = 2147483647;
			files = (
			);
			runOnlyForDeploymentPostprocessing = 0;
		};
/* End PBXFrameworksBuildPhase section */

/* Begin PBXGroup section */
		0721E0D824AA8C2000D56F93 = {
			isa = PBXGroup;
			children = (
				0721E0E324AA8C2000D56F93 /* Order a Drink */,
				07FCD0D424AE673900341507 /* Order from Watch */,
				07FCD0E324AE673E00341507 /* Order from Watch Extension */,
				0721E0E224AA8C2000D56F93 /* Products */,
			);
			sourceTree = "<group>";
		};
		0721E0E224AA8C2000D56F93 /* Products */ = {
			isa = PBXGroup;
			children = (
				0721E0E124AA8C2000D56F93 /* Order a Drink.app */,
				07FCD0D324AE673900341507 /* Order from Watch.app */,
				07FCD0DF24AE673E00341507 /* Order from Watch Extension.appex */,
			);
			name = Products;
			sourceTree = "<group>";
		};
		0721E0E324AA8C2000D56F93 /* Order a Drink */ = {
			isa = PBXGroup;
			children = (
				07B1F27024ACE435003E4C28 /* AppView.swift */,
				07B1F27324ACE5A4003E4C28 /* My Orders */,
				07B1F27224ACE539003E4C28 /* Menu */,
				07B1F26F24ACE3F5003E4C28 /* Delegates */,
				0721E0EA24AA8C2200D56F93 /* Assets.xcassets */,
				0721E0EF24AA8C2200D56F93 /* LaunchScreen.storyboard */,
				0721E0F224AA8C2200D56F93 /* Info.plist */,
				0721E0EC24AA8C2200D56F93 /* Preview Content */,
			);
			path = "Order a Drink";
			sourceTree = "<group>";
		};
		0721E0EC24AA8C2200D56F93 /* Preview Content */ = {
			isa = PBXGroup;
			children = (
				0721E0ED24AA8C2200D56F93 /* Preview Assets.xcassets */,
			);
			path = "Preview Content";
			sourceTree = "<group>";
		};
		07B1F26F24ACE3F5003E4C28 /* Delegates */ = {
			isa = PBXGroup;
			children = (
				0721E0E424AA8C2000D56F93 /* AppDelegate.swift */,
				0721E0E624AA8C2000D56F93 /* SceneDelegate.swift */,
			);
			path = Delegates;
			sourceTree = "<group>";
		};
		07B1F27224ACE539003E4C28 /* Menu */ = {
			isa = PBXGroup;
			children = (
				0721E0E824AA8C2000D56F93 /* ContentView.swift */,
				0714273C24AB896300562D18 /* Drinks Splash.swift */,
				07C4AC7F24AB8CCF00847AE6 /* Drink List.swift */,
				07D5E80B24ABB99D0071FD1E /* Sub-Sections */,
				07FCD0FB24AE777800341507 /* ConfirmView.swift */,
			);
			path = Menu;
			sourceTree = "<group>";
		};
		07B1F27324ACE5A4003E4C28 /* My Orders */ = {
			isa = PBXGroup;
			children = (
				07B1F27624ACE654003E4C28 /* OrderContentView.swift */,
				07B1F27424ACE5BC003E4C28 /* OrdersSplash.swift */,
				073C7ADB24AD596E00262CD3 /* OrderList.swift */,
			);
			path = "My Orders";
			sourceTree = "<group>";
		};
		07D5E80B24ABB99D0071FD1E /* Sub-Sections */ = {
			isa = PBXGroup;
			children = (
				07D5E80C24ABB9BF0071FD1E /* Non-Alcoholic Drinks.swift */,
				07D5E80E24ABD6D30071FD1E /* Red Wines.swift */,
				07B1F26724ACE29C003E4C28 /* White Wines.swift */,
				07B1F26924ACE2A9003E4C28 /* Cocktails.swift */,
				07B1F26B24ACE2B5003E4C28 /* Tequilas.swift */,
				07B1F26D24ACE2C2003E4C28 /* Sparkling Wines.swift */,
			);
			path = "Sub-Sections";
			sourceTree = "<group>";
		};
		07FCD0D424AE673900341507 /* Order from Watch */ = {
			isa = PBXGroup;
			children = (
				07FCD0D524AE673900341507 /* Interface.storyboard */,
				07FCD0D824AE673E00341507 /* Assets.xcassets */,
				07FCD0DA24AE673E00341507 /* Info.plist */,
			);
			path = "Order from Watch";
			sourceTree = "<group>";
		};
		07FCD0E324AE673E00341507 /* Order from Watch Extension */ = {
			isa = PBXGroup;
			children = (
				07FCD0E424AE673E00341507 /* ContentView.swift */,
				07FCD0E624AE673E00341507 /* HostingController.swift */,
				07FCD0E824AE673E00341507 /* ExtensionDelegate.swift */,
				07FCD0EA24AE674000341507 /* Assets.xcassets */,
				07FCD0EF24AE674000341507 /* Info.plist */,
				07FCD0EC24AE674000341507 /* Preview Content */,
			);
			path = "Order from Watch Extension";
			sourceTree = "<group>";
		};
		07FCD0EC24AE674000341507 /* Preview Content */ = {
			isa = PBXGroup;
			children = (
				07FCD0ED24AE674000341507 /* Preview Assets.xcassets */,
			);
			path = "Preview Content";
			sourceTree = "<group>";
		};
/* End PBXGroup section */

/* Begin PBXNativeTarget section */
		0721E0E024AA8C2000D56F93 /* Order a Drink */ = {
			isa = PBXNativeTarget;
			buildConfigurationList = 0721E0F524AA8C2200D56F93 /* Build configuration list for PBXNativeTarget "Order a Drink" */;
			buildPhases = (
				0721E0DD24AA8C2000D56F93 /* Sources */,
				0721E0DE24AA8C2000D56F93 /* Frameworks */,
				0721E0DF24AA8C2000D56F93 /* Resources */,
				07FCD0FA24AE674000341507 /* Embed Watch Content */,
			);
			buildRules = (
			);
			dependencies = (
				07FCD0F124AE674000341507 /* PBXTargetDependency */,
			);
			name = "Order a Drink";
			productName = "Order a Drink";
			productReference = 0721E0E124AA8C2000D56F93 /* Order a Drink.app */;
			productType = "com.apple.product-type.application";
		};
		07FCD0D224AE673900341507 /* Order from Watch */ = {
			isa = PBXNativeTarget;
			buildConfigurationList = 07FCD0F724AE674000341507 /* Build configuration list for PBXNativeTarget "Order from Watch" */;
			buildPhases = (
				07FCD0D124AE673900341507 /* Resources */,
				07FCD0F624AE674000341507 /* Embed App Extensions */,
			);
			buildRules = (
			);
			dependencies = (
				07FCD0E224AE673E00341507 /* PBXTargetDependency */,
			);
			name = "Order from Watch";
			productName = "Order from Watch";
			productReference = 07FCD0D324AE673900341507 /* Order from Watch.app */;
			productType = "com.apple.product-type.application.watchapp2";
		};
		07FCD0DE24AE673E00341507 /* Order from Watch Extension */ = {
			isa = PBXNativeTarget;
			buildConfigurationList = 07FCD0F324AE674000341507 /* Build configuration list for PBXNativeTarget "Order from Watch Extension" */;
			buildPhases = (
				07FCD0DB24AE673E00341507 /* Sources */,
				07FCD0DC24AE673E00341507 /* Frameworks */,
				07FCD0DD24AE673E00341507 /* Resources */,
			);
			buildRules = (
			);
			dependencies = (
			);
			name = "Order from Watch Extension";
			productName = "Order from Watch Extension";
			productReference = 07FCD0DF24AE673E00341507 /* Order from Watch Extension.appex */;
			productType = "com.apple.product-type.watchkit2-extension";
		};
/* End PBXNativeTarget section */

/* Begin PBXProject section */
		0721E0D924AA8C2000D56F93 /* Project object */ = {
			isa = PBXProject;
			attributes = {
				LastSwiftUpdateCheck = 1150;
				LastUpgradeCheck = 1150;
				ORGANIZATIONNAME = "Orange Inc.";
				TargetAttributes = {
					0721E0E024AA8C2000D56F93 = {
						CreatedOnToolsVersion = 11.5;
					};
					07FCD0D224AE673900341507 = {
						CreatedOnToolsVersion = 11.5;
					};
					07FCD0DE24AE673E00341507 = {
						CreatedOnToolsVersion = 11.5;
					};
				};
			};
			buildConfigurationList = 0721E0DC24AA8C2000D56F93 /* Build configuration list for PBXProject "Order a Drink" */;
			compatibilityVersion = "Xcode 9.3";
			developmentRegion = en;
			hasScannedForEncodings = 0;
			knownRegions = (
				en,
				Base,
			);
			mainGroup = 0721E0D824AA8C2000D56F93;
			productRefGroup = 0721E0E224AA8C2000D56F93 /* Products */;
			projectDirPath = "";
			projectRoot = "";
			targets = (
				0721E0E024AA8C2000D56F93 /* Order a Drink */,
				07FCD0D224AE673900341507 /* Order from Watch */,
				07FCD0DE24AE673E00341507 /* Order from Watch Extension */,
			);
		};
/* End PBXProject section */

/* Begin PBXResourcesBuildPhase section */
		0721E0DF24AA8C2000D56F93 /* Resources */ = {
			isa = PBXResourcesBuildPhase;
			buildActionMask = 2147483647;
			files = (
				0721E0F124AA8C2200D56F93 /* LaunchScreen.storyboard in Resources */,
				0721E0EE24AA8C2200D56F93 /* Preview Assets.xcassets in Resources */,
				0721E0EB24AA8C2200D56F93 /* Assets.xcassets in Resources */,
			);
			runOnlyForDeploymentPostprocessing = 0;
		};
		07FCD0D124AE673900341507 /* Resources */ = {
			isa = PBXResourcesBuildPhase;
			buildActionMask = 2147483647;
			files = (
				07FCD0D924AE673E00341507 /* Assets.xcassets in Resources */,
				07FCD0D724AE673900341507 /* Interface.storyboard in Resources */,
			);
			runOnlyForDeploymentPostprocessing = 0;
		};
		07FCD0DD24AE673E00341507 /* Resources */ = {
			isa = PBXResourcesBuildPhase;
			buildActionMask = 2147483647;
			files = (
				07FCD0EE24AE674000341507 /* Preview Assets.xcassets in Resources */,
				07FCD0EB24AE674000341507 /* Assets.xcassets in Resources */,
			);
			runOnlyForDeploymentPostprocessing = 0;
		};
/* End PBXResourcesBuildPhase section */

/* Begin PBXSourcesBuildPhase section */
		0721E0DD24AA8C2000D56F93 /* Sources */ = {
			isa = PBXSourcesBuildPhase;
			buildActionMask = 2147483647;
			files = (
				0721E0E524AA8C2000D56F93 /* AppDelegate.swift in Sources */,
				07B1F26C24ACE2B5003E4C28 /* Tequilas.swift in Sources */,
				073C7ADC24AD596E00262CD3 /* OrderList.swift in Sources */,
				07B1F27524ACE5BC003E4C28 /* OrdersSplash.swift in Sources */,
				0721E0E724AA8C2000D56F93 /* SceneDelegate.swift in Sources */,
				07FCD0FC24AE777800341507 /* ConfirmView.swift in Sources */,
				07D5E80D24ABB9BF0071FD1E /* Non-Alcoholic Drinks.swift in Sources */,
				07B1F26A24ACE2A9003E4C28 /* Cocktails.swift in Sources */,
				07B1F26824ACE29C003E4C28 /* White Wines.swift in Sources */,
				0714273D24AB896300562D18 /* Drinks Splash.swift in Sources */,
				07B1F26E24ACE2C2003E4C28 /* Sparkling Wines.swift in Sources */,
				07B1F27124ACE435003E4C28 /* AppView.swift in Sources */,
				0721E0E924AA8C2000D56F93 /* ContentView.swift in Sources */,
				07B1F27724ACE654003E4C28 /* OrderContentView.swift in Sources */,
				07D5E80F24ABD6D30071FD1E /* Red Wines.swift in Sources */,
				07C4AC8024AB8CCF00847AE6 /* Drink List.swift in Sources */,
			);
			runOnlyForDeploymentPostprocessing = 0;
		};
		07FCD0DB24AE673E00341507 /* Sources */ = {
			isa = PBXSourcesBuildPhase;
			buildActionMask = 2147483647;
			files = (
				07FCD0E724AE673E00341507 /* HostingController.swift in Sources */,
				07FCD0E524AE673E00341507 /* ContentView.swift in Sources */,
				07FCD0E924AE673E00341507 /* ExtensionDelegate.swift in Sources */,
			);
			runOnlyForDeploymentPostprocessing = 0;
		};
/* End PBXSourcesBuildPhase section */

/* Begin PBXTargetDependency section */
		07FCD0E224AE673E00341507 /* PBXTargetDependency */ = {
			isa = PBXTargetDependency;
			target = 07FCD0DE24AE673E00341507 /* Order from Watch Extension */;
			targetProxy = 07FCD0E124AE673E00341507 /* PBXContainerItemProxy */;
		};
		07FCD0F124AE674000341507 /* PBXTargetDependency */ = {
			isa = PBXTargetDependency;
			target = 07FCD0D224AE673900341507 /* Order from Watch */;
			targetProxy = 07FCD0F024AE674000341507 /* PBXContainerItemProxy */;
		};
/* End PBXTargetDependency section */

/* Begin PBXVariantGroup section */
		0721E0EF24AA8C2200D56F93 /* LaunchScreen.storyboard */ = {
			isa = PBXVariantGroup;
			children = (
				0721E0F024AA8C2200D56F93 /* Base */,
			);
			name = LaunchScreen.storyboard;
			sourceTree = "<group>";
		};
		07FCD0D524AE673900341507 /* Interface.storyboard */ = {
			isa = PBXVariantGroup;
			children = (
				07FCD0D624AE673900341507 /* Base */,
			);
			name = Interface.storyboard;
			sourceTree = "<group>";
		};
/* End PBXVariantGroup section */

/* Begin XCBuildConfiguration section */
		0721E0F324AA8C2200D56F93 /* Debug */ = {
			isa = XCBuildConfiguration;
			buildSettings = {
				ALWAYS_SEARCH_USER_PATHS = NO;
				CLANG_ANALYZER_NONNULL = YES;
				CLANG_ANALYZER_NUMBER_OBJECT_CONVERSION = YES_AGGRESSIVE;
				CLANG_CXX_LANGUAGE_STANDARD = "gnu++14";
				CLANG_CXX_LIBRARY = "libc++";
				CLANG_ENABLE_MODULES = YES;
				CLANG_ENABLE_OBJC_ARC = YES;
				CLANG_ENABLE_OBJC_WEAK = YES;
				CLANG_WARN_BLOCK_CAPTURE_AUTORELEASING = YES;
				CLANG_WARN_BOOL_CONVERSION = YES;
				CLANG_WARN_COMMA = YES;
				CLANG_WARN_CONSTANT_CONVERSION = YES;
				CLANG_WARN_DEPRECATED_OBJC_IMPLEMENTATIONS = YES;
				CLANG_WARN_DIRECT_OBJC_ISA_USAGE = YES_ERROR;
				CLANG_WARN_DOCUMENTATION_COMMENTS = YES;
				CLANG_WARN_EMPTY_BODY = YES;
				CLANG_WARN_ENUM_CONVERSION = YES;
				CLANG_WARN_INFINITE_RECURSION = YES;
				CLANG_WARN_INT_CONVERSION = YES;
				CLANG_WARN_NON_LITERAL_NULL_CONVERSION = YES;
				CLANG_WARN_OBJC_IMPLICIT_RETAIN_SELF = YES;
				CLANG_WARN_OBJC_LITERAL_CONVERSION = YES;
				CLANG_WARN_OBJC_ROOT_CLASS = YES_ERROR;
				CLANG_WARN_RANGE_LOOP_ANALYSIS = YES;
				CLANG_WARN_STRICT_PROTOTYPES = YES;
				CLANG_WARN_SUSPICIOUS_MOVE = YES;
				CLANG_WARN_UNGUARDED_AVAILABILITY = YES_AGGRESSIVE;
				CLANG_WARN_UNREACHABLE_CODE = YES;
				CLANG_WARN__DUPLICATE_METHOD_MATCH = YES;
				COPY_PHASE_STRIP = NO;
				DEBUG_INFORMATION_FORMAT = dwarf;
				ENABLE_STRICT_OBJC_MSGSEND = YES;
				ENABLE_TESTABILITY = YES;
				GCC_C_LANGUAGE_STANDARD = gnu11;
				GCC_DYNAMIC_NO_PIC = NO;
				GCC_NO_COMMON_BLOCKS = YES;
				GCC_OPTIMIZATION_LEVEL = 0;
				GCC_PREPROCESSOR_DEFINITIONS = (
					"DEBUG=1",
					"$(inherited)",
				);
				GCC_WARN_64_TO_32_BIT_CONVERSION = YES;
				GCC_WARN_ABOUT_RETURN_TYPE = YES_ERROR;
				GCC_WARN_UNDECLARED_SELECTOR = YES;
				GCC_WARN_UNINITIALIZED_AUTOS = YES_AGGRESSIVE;
				GCC_WARN_UNUSED_FUNCTION = YES;
				GCC_WARN_UNUSED_VARIABLE = YES;
				IPHONEOS_DEPLOYMENT_TARGET = 13.5;
				MTL_ENABLE_DEBUG_INFO = INCLUDE_SOURCE;
				MTL_FAST_MATH = YES;
				ONLY_ACTIVE_ARCH = YES;
				SDKROOT = iphoneos;
				SWIFT_ACTIVE_COMPILATION_CONDITIONS = DEBUG;
				SWIFT_OPTIMIZATION_LEVEL = "-Onone";
			};
			name = Debug;
		};
		0721E0F424AA8C2200D56F93 /* Release */ = {
			isa = XCBuildConfiguration;
			buildSettings = {
				ALWAYS_SEARCH_USER_PATHS = NO;
				CLANG_ANALYZER_NONNULL = YES;
				CLANG_ANALYZER_NUMBER_OBJECT_CONVERSION = YES_AGGRESSIVE;
				CLANG_CXX_LANGUAGE_STANDARD = "gnu++14";
				CLANG_CXX_LIBRARY = "libc++";
				CLANG_ENABLE_MODULES = YES;
				CLANG_ENABLE_OBJC_ARC = YES;
				CLANG_ENABLE_OBJC_WEAK = YES;
				CLANG_WARN_BLOCK_CAPTURE_AUTORELEASING = YES;
				CLANG_WARN_BOOL_CONVERSION = YES;
				CLANG_WARN_COMMA = YES;
				CLANG_WARN_CONSTANT_CONVERSION = YES;
				CLANG_WARN_DEPRECATED_OBJC_IMPLEMENTATIONS = YES;
				CLANG_WARN_DIRECT_OBJC_ISA_USAGE = YES_ERROR;
				CLANG_WARN_DOCUMENTATION_COMMENTS = YES;
				CLANG_WARN_EMPTY_BODY = YES;
				CLANG_WARN_ENUM_CONVERSION = YES;
				CLANG_WARN_INFINITE_RECURSION = YES;
				CLANG_WARN_INT_CONVERSION = YES;
				CLANG_WARN_NON_LITERAL_NULL_CONVERSION = YES;
				CLANG_WARN_OBJC_IMPLICIT_RETAIN_SELF = YES;
				CLANG_WARN_OBJC_LITERAL_CONVERSION = YES;
				CLANG_WARN_OBJC_ROOT_CLASS = YES_ERROR;
				CLANG_WARN_RANGE_LOOP_ANALYSIS = YES;
				CLANG_WARN_STRICT_PROTOTYPES = YES;
				CLANG_WARN_SUSPICIOUS_MOVE = YES;
				CLANG_WARN_UNGUARDED_AVAILABILITY = YES_AGGRESSIVE;
				CLANG_WARN_UNREACHABLE_CODE = YES;
				CLANG_WARN__DUPLICATE_METHOD_MATCH = YES;
				COPY_PHASE_STRIP = NO;
				DEBUG_INFORMATION_FORMAT = "dwarf-with-dsym";
				ENABLE_NS_ASSERTIONS = NO;
				ENABLE_STRICT_OBJC_MSGSEND = YES;
				GCC_C_LANGUAGE_STANDARD = gnu11;
				GCC_NO_COMMON_BLOCKS = YES;
				GCC_WARN_64_TO_32_BIT_CONVERSION = YES;
				GCC_WARN_ABOUT_RETURN_TYPE = YES_ERROR;
				GCC_WARN_UNDECLARED_SELECTOR = YES;
				GCC_WARN_UNINITIALIZED_AUTOS = YES_AGGRESSIVE;
				GCC_WARN_UNUSED_FUNCTION = YES;
				GCC_WARN_UNUSED_VARIABLE = YES;
				IPHONEOS_DEPLOYMENT_TARGET = 13.5;
				MTL_ENABLE_DEBUG_INFO = NO;
				MTL_FAST_MATH = YES;
				SDKROOT = iphoneos;
				SWIFT_COMPILATION_MODE = wholemodule;
				SWIFT_OPTIMIZATION_LEVEL = "-O";
				VALIDATE_PRODUCT = YES;
			};
			name = Release;
		};
		0721E0F624AA8C2200D56F93 /* Debug */ = {
			isa = XCBuildConfiguration;
			buildSettings = {
				ASSETCATALOG_COMPILER_APPICON_NAME = AppIcon;
				CODE_SIGN_STYLE = Automatic;
				CURRENT_PROJECT_VERSION = 5;
				DEVELOPMENT_ASSET_PATHS = "\"Order a Drink/Preview Content\"";
				DEVELOPMENT_TEAM = 7PDHA6MK35;
				ENABLE_PREVIEWS = YES;
				INFOPLIST_FILE = "Order a Drink/Info.plist";
				IPHONEOS_DEPLOYMENT_TARGET = 13.0;
				LD_RUNPATH_SEARCH_PATHS = (
					"$(inherited)",
					"@executable_path/Frameworks",
				);
				PRODUCT_BUNDLE_IDENTIFIER = "com.Orange-Inc.Order-a-Drink";
				PRODUCT_NAME = "$(TARGET_NAME)";
				SWIFT_VERSION = 5.0;
				TARGETED_DEVICE_FAMILY = 1;
			};
			name = Debug;
		};
		0721E0F724AA8C2200D56F93 /* Release */ = {
			isa = XCBuildConfiguration;
			buildSettings = {
				ASSETCATALOG_COMPILER_APPICON_NAME = AppIcon;
				CODE_SIGN_STYLE = Automatic;
				CURRENT_PROJECT_VERSION = 5;
				DEVELOPMENT_ASSET_PATHS = "\"Order a Drink/Preview Content\"";
				DEVELOPMENT_TEAM = 7PDHA6MK35;
				ENABLE_PREVIEWS = YES;
				INFOPLIST_FILE = "Order a Drink/Info.plist";
				IPHONEOS_DEPLOYMENT_TARGET = 13.0;
				LD_RUNPATH_SEARCH_PATHS = (
					"$(inherited)",
					"@executable_path/Frameworks",
				);
				PRODUCT_BUNDLE_IDENTIFIER = "com.Orange-Inc.Order-a-Drink";
				PRODUCT_NAME = "$(TARGET_NAME)";
				SWIFT_VERSION = 5.0;
				TARGETED_DEVICE_FAMILY = 1;
			};
			name = Release;
		};
		07FCD0F424AE674000341507 /* Debug */ = {
			isa = XCBuildConfiguration;
			buildSettings = {
				ASSETCATALOG_COMPILER_COMPLICATION_NAME = Complication;
				CODE_SIGN_STYLE = Automatic;
				CURRENT_PROJECT_VERSION = 5;
				DEVELOPMENT_ASSET_PATHS = "\"Order from Watch Extension/Preview Content\"";
				DEVELOPMENT_TEAM = 7PDHA6MK35;
				ENABLE_PREVIEWS = YES;
				INFOPLIST_FILE = "Order from Watch Extension/Info.plist";
				LD_RUNPATH_SEARCH_PATHS = (
					"$(inherited)",
					"@executable_path/Frameworks",
					"@executable_path/../../Frameworks",
				);
				PRODUCT_BUNDLE_IDENTIFIER = "com.Orange-Inc.Order-a-Drink.watchkitapp.watchkitextension";
				PRODUCT_NAME = "${TARGET_NAME}";
				SDKROOT = watchos;
				SKIP_INSTALL = YES;
				SWIFT_VERSION = 5.0;
				TARGETED_DEVICE_FAMILY = 4;
				WATCHOS_DEPLOYMENT_TARGET = 6.0;
			};
			name = Debug;
		};
		07FCD0F524AE674000341507 /* Release */ = {
			isa = XCBuildConfiguration;
			buildSettings = {
				ASSETCATALOG_COMPILER_COMPLICATION_NAME = Complication;
				CODE_SIGN_STYLE = Automatic;
				CURRENT_PROJECT_VERSION = 5;
				DEVELOPMENT_ASSET_PATHS = "\"Order from Watch Extension/Preview Content\"";
				DEVELOPMENT_TEAM = 7PDHA6MK35;
				ENABLE_PREVIEWS = YES;
				INFOPLIST_FILE = "Order from Watch Extension/Info.plist";
				LD_RUNPATH_SEARCH_PATHS = (
					"$(inherited)",
					"@executable_path/Frameworks",
					"@executable_path/../../Frameworks",
				);
				PRODUCT_BUNDLE_IDENTIFIER = "com.Orange-Inc.Order-a-Drink.watchkitapp.watchkitextension";
				PRODUCT_NAME = "${TARGET_NAME}";
				SDKROOT = watchos;
				SKIP_INSTALL = YES;
				SWIFT_VERSION = 5.0;
				TARGETED_DEVICE_FAMILY = 4;
				WATCHOS_DEPLOYMENT_TARGET = 6.0;
			};
			name = Release;
		};
		07FCD0F824AE674000341507 /* Debug */ = {
			isa = XCBuildConfiguration;
			buildSettings = {
				ALWAYS_EMBED_SWIFT_STANDARD_LIBRARIES = YES;
				ASSETCATALOG_COMPILER_APPICON_NAME = AppIcon;
				CODE_SIGN_STYLE = Automatic;
				CURRENT_PROJECT_VERSION = 5;
				DEVELOPMENT_TEAM = 7PDHA6MK35;
				IBSC_MODULE = Order_from_Watch_Extension;
				INFOPLIST_FILE = "Order from Watch/Info.plist";
				PRODUCT_BUNDLE_IDENTIFIER = "com.Orange-Inc.Order-a-Drink.watchkitapp";
				PRODUCT_NAME = "$(TARGET_NAME)";
				SDKROOT = watchos;
				SKIP_INSTALL = YES;
				SWIFT_VERSION = 5.0;
				TARGETED_DEVICE_FAMILY = 4;
				WATCHOS_DEPLOYMENT_TARGET = 6.0;
			};
			name = Debug;
		};
		07FCD0F924AE674000341507 /* Release */ = {
			isa = XCBuildConfiguration;
			buildSettings = {
				ALWAYS_EMBED_SWIFT_STANDARD_LIBRARIES = YES;
				ASSETCATALOG_COMPILER_APPICON_NAME = AppIcon;
				CODE_SIGN_STYLE = Automatic;
				CURRENT_PROJECT_VERSION = 5;
				DEVELOPMENT_TEAM = 7PDHA6MK35;
				IBSC_MODULE = Order_from_Watch_Extension;
				INFOPLIST_FILE = "Order from Watch/Info.plist";
				PRODUCT_BUNDLE_IDENTIFIER = "com.Orange-Inc.Order-a-Drink.watchkitapp";
				PRODUCT_NAME = "$(TARGET_NAME)";
				SDKROOT = watchos;
				SKIP_INSTALL = YES;
				SWIFT_VERSION = 5.0;
				TARGETED_DEVICE_FAMILY = 4;
				WATCHOS_DEPLOYMENT_TARGET = 6.0;
			};
			name = Release;
		};
/* End XCBuildConfiguration section */

/* Begin XCConfigurationList section */
		0721E0DC24AA8C2000D56F93 /* Build configuration list for PBXProject "Order a Drink" */ = {
			isa = XCConfigurationList;
			buildConfigurations = (
				0721E0F324AA8C2200D56F93 /* Debug */,
				0721E0F424AA8C2200D56F93 /* Release */,
			);
			defaultConfigurationIsVisible = 0;
			defaultConfigurationName = Release;
		};
		0721E0F524AA8C2200D56F93 /* Build configuration list for PBXNativeTarget "Order a Drink" */ = {
			isa = XCConfigurationList;
			buildConfigurations = (
				0721E0F624AA8C2200D56F93 /* Debug */,
				0721E0F724AA8C2200D56F93 /* Release */,
			);
			defaultConfigurationIsVisible = 0;
			defaultConfigurationName = Release;
		};
		07FCD0F324AE674000341507 /* Build configuration list for PBXNativeTarget "Order from Watch Extension" */ = {
			isa = XCConfigurationList;
			buildConfigurations = (
				07FCD0F424AE674000341507 /* Debug */,
				07FCD0F524AE674000341507 /* Release */,
			);
			defaultConfigurationIsVisible = 0;
			defaultConfigurationName = Release;
		};
		07FCD0F724AE674000341507 /* Build configuration list for PBXNativeTarget "Order from Watch" */ = {
			isa = XCConfigurationList;
			buildConfigurations = (
				07FCD0F824AE674000341507 /* Debug */,
				07FCD0F924AE674000341507 /* Release */,
			);
			defaultConfigurationIsVisible = 0;
			defaultConfigurationName = Release;
		};
/* End XCConfigurationList section */
	};
	rootObject = 0721E0D924AA8C2000D56F93 /* Project object */;
}
